
Microsoft Visual Studio Solution File, Format Version 12.00
# Visual Studio Version 17
VisualStudioVersion = 17.9.34701.34
MinimumVisualStudioVersion = 10.0.40219.1
Project("{9A19103F-16F7-4668-BE54-9A1E7A4F7556}") = "Hasta-la-brisca", "Hasta-la-brisca.csproj", "{EB8024EA-BCDB-4622-B2AF-FA4123CDDFEC}"
EndProject
Project("{2150E333-8FDC-42A3-9474-1A3956D46DE8}") = "src", "src", "{61AECB87-8A89-4647-890F-AB2CF2A8B104}"
EndProject
Project("{2150E333-8FDC-42A3-9474-1A3956D46DE8}") = "tests", "tests", "{7D1E8139-1128-4176-A09A-FBBDF2CE0D90}"
EndProject
Project("{FAE04EC0-301F-11D3-BF4B-00C04F79EFBC}") = "hasta-la-brisca-testing", "..\..\tests\hasta-la-brisca-testing\hasta-la-brisca-testing.csproj", "{56B6418D-D1BB-421B-AFFA-BC5BB501A11A}"
EndProject
Global
	GlobalSection(SolutionConfigurationPlatforms) = preSolution
		Debug|Any CPU = Debug|Any CPU
		ExportDebug|Any CPU = ExportDebug|Any CPU
		ExportRelease|Any CPU = ExportRelease|Any CPU
		Release|Any CPU = Release|Any CPU
	EndGlobalSection
	GlobalSection(ProjectConfigurationPlatforms) = postSolution
		{EB8024EA-BCDB-4622-B2AF-FA4123CDDFEC}.Debug|Any CPU.ActiveCfg = Debug|Any CPU
		{EB8024EA-BCDB-4622-B2AF-FA4123CDDFEC}.Debug|Any CPU.Build.0 = Debug|Any CPU
		{EB8024EA-BCDB-4622-B2AF-FA4123CDDFEC}.ExportDebug|Any CPU.ActiveCfg = ExportDebug|Any CPU
		{EB8024EA-BCDB-4622-B2AF-FA4123CDDFEC}.ExportDebug|Any CPU.Build.0 = ExportDebug|Any CPU
		{EB8024EA-BCDB-4622-B2AF-FA4123CDDFEC}.ExportRelease|Any CPU.ActiveCfg = ExportRelease|Any CPU
		{EB8024EA-BCDB-4622-B2AF-FA4123CDDFEC}.ExportRelease|Any CPU.Build.0 = ExportRelease|Any CPU
		{EB8024EA-BCDB-4622-B2AF-FA4123CDDFEC}.Release|Any CPU.ActiveCfg = ExportRelease|Any CPU
		{EB8024EA-BCDB-4622-B2AF-FA4123CDDFEC}.Release|Any CPU.Build.0 = ExportRelease|Any CPU
		{56B6418D-D1BB-421B-AFFA-BC5BB501A11A}.Debug|Any CPU.ActiveCfg = Debug|Any CPU
		{56B6418D-D1BB-421B-AFFA-BC5BB501A11A}.Debug|Any CPU.Build.0 = Debug|Any CPU
		{56B6418D-D1BB-421B-AFFA-BC5BB501A11A}.ExportDebug|Any CPU.ActiveCfg = Debug|Any CPU
		{56B6418D-D1BB-421B-AFFA-BC5BB501A11A}.ExportDebug|Any CPU.Build.0 = Debug|Any CPU
		{56B6418D-D1BB-421B-AFFA-BC5BB501A11A}.ExportRelease|Any CPU.ActiveCfg = Release|Any CPU
		{56B6418D-D1BB-421B-AFFA-BC5BB501A11A}.ExportRelease|Any CPU.Build.0 = Release|Any CPU
		{56B6418D-D1BB-421B-AFFA-BC5BB501A11A}.Release|Any CPU.ActiveCfg = Release|Any CPU
		{56B6418D-D1BB-421B-AFFA-BC5BB501A11A}.Release|Any CPU.Build.0 = Release|Any CPU
	EndGlobalSection
	GlobalSection(SolutionProperties) = preSolution
		HideSolutionNode = FALSE
	EndGlobalSection
	GlobalSection(NestedProjects) = preSolution
		{EB8024EA-BCDB-4622-B2AF-FA4123CDDFEC} = {61AECB87-8A89-4647-890F-AB2CF2A8B104}
		{56B6418D-D1BB-421B-AFFA-BC5BB501A11A} = {7D1E8139-1128-4176-A09A-FBBDF2CE0D90}
	EndGlobalSection
	GlobalSection(ExtensibilityGlobals) = postSolution
		SolutionGuid = {C3BBEA23-17CF-49FE-A748-342683FDBD82}
	EndGlobalSection
EndGlobal
